
Microsoft Visual Studio Solution File, Format Version 12.00
# Visual Studio 15
VisualStudioVersion = 15.0.26730.16
MinimumVisualStudioVersion = 10.0.40219.1
Project("{FAE04EC0-301F-11D3-BF4B-00C04F79EFBC}") = "ThePriceBot", "ThePriceBot\ThePriceBot.csproj", "{26C37713-23C2-4A45-8D05-9D037E070ADC}"
EndProject
Global
	GlobalSection(SolutionConfigurationPlatforms) = preSolution
		Debug|Any CPU = Debug|Any CPU
		Release|Any CPU = Release|Any CPU
	EndGlobalSection
	GlobalSection(ProjectConfigurationPlatforms) = postSolution
		{26C37713-23C2-4A45-8D05-9D037E070ADC}.Debug|Any CPU.ActiveCfg = Debug|Any CPU
		{26C37713-23C2-4A45-8D05-9D037E070ADC}.Debug|Any CPU.Build.0 = Debug|Any CPU
		{26C37713-23C2-4A45-8D05-9D037E070ADC}.Release|Any CPU.ActiveCfg = Release|Any CPU
		{26C37713-23C2-4A45-8D05-9D037E070ADC}.Release|Any CPU.Build.0 = Release|Any CPU
	EndGlobalSection
	GlobalSection(SolutionProperties) = preSolution
		HideSolutionNode = FALSE
	EndGlobalSection
	GlobalSection(ExtensibilityGlobals) = postSolution
		SolutionGuid = {B00D2331-2DC9-4433-8230-B3BB0DE2C124}
	EndGlobalSection
EndGlobal
